
Microsoft Visual Studio Solution File, Format Version 12.00
# Visual Studio 15
VisualStudioVersion = 15.0.27428.2005
MinimumVisualStudioVersion = 10.0.40219.1
Project("{9092AA53-FB77-4645-B42D-1CCCA6BD08BD}") = "Server", "Server.njsproj", "{2951CA4E-4C52-4B11-A99D-1EBE3508F919}"
EndProject
Global
	GlobalSection(SolutionConfigurationPlatforms) = preSolution
		Debug|Any CPU = Debug|Any CPU
		Release|Any CPU = Release|Any CPU
	EndGlobalSection
	GlobalSection(ProjectConfigurationPlatforms) = postSolution
		{2951CA4E-4C52-4B11-A99D-1EBE3508F919}.Debug|Any CPU.ActiveCfg = Debug|Any CPU
		{2951CA4E-4C52-4B11-A99D-1EBE3508F919}.Debug|Any CPU.Build.0 = Debug|Any CPU
		{2951CA4E-4C52-4B11-A99D-1EBE3508F919}.Release|Any CPU.ActiveCfg = Release|Any CPU
		{2951CA4E-4C52-4B11-A99D-1EBE3508F919}.Release|Any CPU.Build.0 = Release|Any CPU
	EndGlobalSection
	GlobalSection(SolutionProperties) = preSolution
		HideSolutionNode = FALSE
	EndGlobalSection
	GlobalSection(ExtensibilityGlobals) = postSolution
		SolutionGuid = {C55747D8-3D83-4B69-98D3-AB1149774B13}
	EndGlobalSection
EndGlobal
